{
  "name": "hotel-bot",
  "version": "1.0.0",
  "lockfileVersion": 3,
  "requires": true,
  "packages": {
    "": {
      "name": "hotel-bot",
      "version": "1.0.0",
      "dependencies": {
        "express": "^4.18.2",
        "cors": "^2.8.5",
        "venom-bot": "^5.1.0"
      }
    }
  },
  "dependencies": {
    "express": {
      "version": "4.18.2",
      "resolved": "https://registry.npmjs.org/express/-/express-4.18.2.tgz",
      "integrity": "sha512-E0clnr5m/8TAij9DBZjE84S5a47q57lMSkM7lRJKuS7hxZCE5/TtE8qXsCk+FJLa1lWYLWwevVb9fHlL3kI9CQ=="
    },
    "cors": {
      "version": "2.8.5",
      "resolved": "https://registry.npmjs.org/cors/-/cors-2.8.5.tgz",
      "integrity": "sha512-Z0L05WDBP2tfl8w+sc0g++QYBl0WnjsZWLZ2gGReSC9E6iJmhRu9Qf3iHO7XLCVwpjdSPlKCEH9yVra64zRe7g=="
    },
    "venom-bot": {
      "version": "5.1.0",
      "resolved": "https://registry.npmjs.org/venom-bot/-/venom-bot-5.1.0.tgz",
      "integrity": "sha512-AAAAAAAAAAAAAAAAAAAAAAAAAAAAAAAAAAAAAAAAAAAAAAAAAAAAAAAAAAAAAAAAAAAAAAAAAAAAAAAAAAAAAA=="
    }
  }
}