{
  "name": "hotel-bot",
  "version": "1.0.0",
  "lockfileVersion": 2,
  "requires": true,
  "packages": {
    "": {
      "name": "hotel-bot",
      "version": "1.0.0",
      "license": "ISC",
      "dependencies": {
        "cors": "^2.8.5",
        "express": "^4.18.2",
        "venom-bot": "^5.1.0"
      }
    },
    "node_modules/cors": {
      "version": "2.8.5",
      "resolved": "https://registry.npmjs.org/cors/-/cors-2.8.5.tgz",
      "integrity": "sha512-Kqj5L1RGLmJ7wlY5xNq5hzC4ejZVq+5R6Ec3amR/Bz5YdsanO+sbY8vU3cbOtUq9W7BrpEPlEY6PzdTT+Jrb3g=="
    },
    "node_modules/express": {
      "version": "4.18.2",
      "resolved": "https://registry.npmjs.org/express/-/express-4.18.2.tgz",
      "integrity": "sha512-5/PsL8IB3P+z2skJcz0+UAcW68lGpNfHZ1uMq2Lg5g6EX7S+h14D3MDF/2iH+Il57vms9dYhLEQdIZdvM6wuPg=="
    },
    "node_modules/venom-bot": {
      "version": "5.1.0",
      "resolved": "https://registry.npmjs.org/venom-bot/-/venom-bot-5.1.0.tgz",
      "integrity": "sha512-ZRsdxz3b4z9k2J6FaW9O+gJlyR8KSOE4Fl3+ccHgPUp6+gAOU0gZOk4zKuz2k6WUDmje0Af7rWyfXQaKU9XX8A=="
    }
  }
}
